
Microsoft Visual Studio Solution File, Format Version 12.00
# Visual Studio 15
VisualStudioVersion = 15.0.27703.2042
MinimumVisualStudioVersion = 10.0.40219.1
Project("{FAE04EC0-301F-11D3-BF4B-00C04F79EFBC}") = "MyFirstApp", "MyFirstApp\MyFirstApp.csproj", "{AE9F2C2E-477B-403D-8FEA-69D5B818C189}"
EndProject
Global
	GlobalSection(SolutionConfigurationPlatforms) = preSolution
		Debug|Any CPU = Debug|Any CPU
		Release|Any CPU = Release|Any CPU
	EndGlobalSection
	GlobalSection(ProjectConfigurationPlatforms) = postSolution
		{AE9F2C2E-477B-403D-8FEA-69D5B818C189}.Debug|Any CPU.ActiveCfg = Debug|Any CPU
		{AE9F2C2E-477B-403D-8FEA-69D5B818C189}.Debug|Any CPU.Build.0 = Debug|Any CPU
		{AE9F2C2E-477B-403D-8FEA-69D5B818C189}.Release|Any CPU.ActiveCfg = Release|Any CPU
		{AE9F2C2E-477B-403D-8FEA-69D5B818C189}.Release|Any CPU.Build.0 = Release|Any CPU
	EndGlobalSection
	GlobalSection(SolutionProperties) = preSolution
		HideSolutionNode = FALSE
	EndGlobalSection
	GlobalSection(ExtensibilityGlobals) = postSolution
		SolutionGuid = {7A2A8538-11DF-40EC-8C5B-4489ED346BF7}
	EndGlobalSection
EndGlobal
